
Microsoft Visual Studio Solution File, Format Version 12.00
# Visual Studio Version 17
VisualStudioVersion = 17.9.34728.123
MinimumVisualStudioVersion = 10.0.40219.1
Project("{9A19103F-16F7-4668-BE54-9A1E7A4F7556}") = "FormOfBankAccount", "BankAccountForm\FormOfBankAccount.csproj", "{FE9A60C9-968B-4322-9C09-B57E691F8389}"
EndProject
Project("{9A19103F-16F7-4668-BE54-9A1E7A4F7556}") = "BankApplicationForUniser", "BankApplicationForUniser\BankApplicationForUniser.csproj", "{1F7FE9A5-B17D-4872-ADB6-60DB68238D6E}"
EndProject
Global
	GlobalSection(SolutionConfigurationPlatforms) = preSolution
		Debug|Any CPU = Debug|Any CPU
		Release|Any CPU = Release|Any CPU
	EndGlobalSection
	GlobalSection(ProjectConfigurationPlatforms) = postSolution
		{FE9A60C9-968B-4322-9C09-B57E691F8389}.Debug|Any CPU.ActiveCfg = Debug|Any CPU
		{FE9A60C9-968B-4322-9C09-B57E691F8389}.Debug|Any CPU.Build.0 = Debug|Any CPU
		{FE9A60C9-968B-4322-9C09-B57E691F8389}.Release|Any CPU.ActiveCfg = Release|Any CPU
		{FE9A60C9-968B-4322-9C09-B57E691F8389}.Release|Any CPU.Build.0 = Release|Any CPU
		{1F7FE9A5-B17D-4872-ADB6-60DB68238D6E}.Debug|Any CPU.ActiveCfg = Debug|Any CPU
		{1F7FE9A5-B17D-4872-ADB6-60DB68238D6E}.Debug|Any CPU.Build.0 = Debug|Any CPU
		{1F7FE9A5-B17D-4872-ADB6-60DB68238D6E}.Release|Any CPU.ActiveCfg = Release|Any CPU
		{1F7FE9A5-B17D-4872-ADB6-60DB68238D6E}.Release|Any CPU.Build.0 = Release|Any CPU
	EndGlobalSection
	GlobalSection(SolutionProperties) = preSolution
		HideSolutionNode = FALSE
	EndGlobalSection
	GlobalSection(ExtensibilityGlobals) = postSolution
		SolutionGuid = {0BA1CD5E-4734-403D-BBE7-1F61D297A6BF}
	EndGlobalSection
EndGlobal
